
Microsoft Visual Studio Solution File, Format Version 12.00
# Visual Studio Version 17
VisualStudioVersion = 17.5.33530.505
MinimumVisualStudioVersion = 10.0.40219.1
Project("{FAE04EC0-301F-11D3-BF4B-00C04F79EFBC}") = "AjaxDemo", "AjaxDemo\AjaxDemo.csproj", "{B8C73082-EBA4-4B53-BC19-BD8502215279}"
EndProject
Global
	GlobalSection(SolutionConfigurationPlatforms) = preSolution
		Debug|Any CPU = Debug|Any CPU
		Release|Any CPU = Release|Any CPU
	EndGlobalSection
	GlobalSection(ProjectConfigurationPlatforms) = postSolution
		{B8C73082-EBA4-4B53-BC19-BD8502215279}.Debug|Any CPU.ActiveCfg = Debug|Any CPU
		{B8C73082-EBA4-4B53-BC19-BD8502215279}.Debug|Any CPU.Build.0 = Debug|Any CPU
		{B8C73082-EBA4-4B53-BC19-BD8502215279}.Release|Any CPU.ActiveCfg = Release|Any CPU
		{B8C73082-EBA4-4B53-BC19-BD8502215279}.Release|Any CPU.Build.0 = Release|Any CPU
	EndGlobalSection
	GlobalSection(SolutionProperties) = preSolution
		HideSolutionNode = FALSE
	EndGlobalSection
	GlobalSection(ExtensibilityGlobals) = postSolution
		SolutionGuid = {79FD7F54-DCB4-4C0C-B412-F2C146BF03BB}
	EndGlobalSection
EndGlobal
